
Microsoft Visual Studio Solution File, Format Version 12.00
# Visual Studio Version 17
VisualStudioVersion = 17.1.32210.238
MinimumVisualStudioVersion = 10.0.40219.1
Project("{9A19103F-16F7-4668-BE54-9A1E7A4F7556}") = "TangyWeb_Server", "TangyWeb_Server\TangyWeb_Server.csproj", "{D105D431-8E75-46B3-A970-01C33B3D379C}"
	ProjectSection(ProjectDependencies) = postProject
		{0C079F9D-64C0-4542-BA29-B14D5D3BB01A} = {0C079F9D-64C0-4542-BA29-B14D5D3BB01A}
	EndProjectSection
EndProject
Project("{9A19103F-16F7-4668-BE54-9A1E7A4F7556}") = "TangyWeb_Client", "TangyWeb_Client\TangyWeb_Client.csproj", "{55B0A571-0496-4EAF-A113-39C4636C7E0D}"
EndProject
Project("{9A19103F-16F7-4668-BE54-9A1E7A4F7556}") = "Tangy_Models", "Tangy_Models\Tangy_Models.csproj", "{0C079F9D-64C0-4542-BA29-B14D5D3BB01A}"
EndProject
Project("{FAE04EC0-301F-11D3-BF4B-00C04F79EFBC}") = "Tangy_Business", "Tangy_Business\Tangy_Business.csproj", "{7B23B090-2975-4673-AA14-7B2EB306EBF2}"
EndProject
Project("{FAE04EC0-301F-11D3-BF4B-00C04F79EFBC}") = "Tangy_Common", "Tangy_Common\Tangy_Common.csproj", "{F9DD24C6-CF9E-4F5E-8515-B1B680176E6D}"
EndProject
Project("{FAE04EC0-301F-11D3-BF4B-00C04F79EFBC}") = "Tangy_DataAccess", "Tangy_DataAccess\Tangy_DataAccess.csproj", "{FFB7C111-9E34-4052-A8A1-31E819725158}"
EndProject
Global
	GlobalSection(SolutionConfigurationPlatforms) = preSolution
		Debug|Any CPU = Debug|Any CPU
		Release|Any CPU = Release|Any CPU
	EndGlobalSection
	GlobalSection(ProjectConfigurationPlatforms) = postSolution
		{D105D431-8E75-46B3-A970-01C33B3D379C}.Debug|Any CPU.ActiveCfg = Debug|Any CPU
		{D105D431-8E75-46B3-A970-01C33B3D379C}.Debug|Any CPU.Build.0 = Debug|Any CPU
		{D105D431-8E75-46B3-A970-01C33B3D379C}.Release|Any CPU.ActiveCfg = Release|Any CPU
		{D105D431-8E75-46B3-A970-01C33B3D379C}.Release|Any CPU.Build.0 = Release|Any CPU
		{55B0A571-0496-4EAF-A113-39C4636C7E0D}.Debug|Any CPU.ActiveCfg = Debug|Any CPU
		{55B0A571-0496-4EAF-A113-39C4636C7E0D}.Debug|Any CPU.Build.0 = Debug|Any CPU
		{55B0A571-0496-4EAF-A113-39C4636C7E0D}.Release|Any CPU.ActiveCfg = Release|Any CPU
		{55B0A571-0496-4EAF-A113-39C4636C7E0D}.Release|Any CPU.Build.0 = Release|Any CPU
		{0C079F9D-64C0-4542-BA29-B14D5D3BB01A}.Debug|Any CPU.ActiveCfg = Debug|Any CPU
		{0C079F9D-64C0-4542-BA29-B14D5D3BB01A}.Debug|Any CPU.Build.0 = Debug|Any CPU
		{0C079F9D-64C0-4542-BA29-B14D5D3BB01A}.Release|Any CPU.ActiveCfg = Release|Any CPU
		{0C079F9D-64C0-4542-BA29-B14D5D3BB01A}.Release|Any CPU.Build.0 = Release|Any CPU
		{7B23B090-2975-4673-AA14-7B2EB306EBF2}.Debug|Any CPU.ActiveCfg = Debug|Any CPU
		{7B23B090-2975-4673-AA14-7B2EB306EBF2}.Debug|Any CPU.Build.0 = Debug|Any CPU
		{7B23B090-2975-4673-AA14-7B2EB306EBF2}.Release|Any CPU.ActiveCfg = Release|Any CPU
		{7B23B090-2975-4673-AA14-7B2EB306EBF2}.Release|Any CPU.Build.0 = Release|Any CPU
		{F9DD24C6-CF9E-4F5E-8515-B1B680176E6D}.Debug|Any CPU.ActiveCfg = Debug|Any CPU
		{F9DD24C6-CF9E-4F5E-8515-B1B680176E6D}.Debug|Any CPU.Build.0 = Debug|Any CPU
		{F9DD24C6-CF9E-4F5E-8515-B1B680176E6D}.Release|Any CPU.ActiveCfg = Release|Any CPU
		{F9DD24C6-CF9E-4F5E-8515-B1B680176E6D}.Release|Any CPU.Build.0 = Release|Any CPU
		{FFB7C111-9E34-4052-A8A1-31E819725158}.Debug|Any CPU.ActiveCfg = Debug|Any CPU
		{FFB7C111-9E34-4052-A8A1-31E819725158}.Debug|Any CPU.Build.0 = Debug|Any CPU
		{FFB7C111-9E34-4052-A8A1-31E819725158}.Release|Any CPU.ActiveCfg = Release|Any CPU
		{FFB7C111-9E34-4052-A8A1-31E819725158}.Release|Any CPU.Build.0 = Release|Any CPU
	EndGlobalSection
	GlobalSection(SolutionProperties) = preSolution
		HideSolutionNode = FALSE
	EndGlobalSection
	GlobalSection(ExtensibilityGlobals) = postSolution
		SolutionGuid = {752A27B9-12BC-4289-964A-1E720A3D0257}
	EndGlobalSection
EndGlobal
